
Microsoft Visual Studio Solution File, Format Version 12.00
# Visual Studio Version 17
VisualStudioVersion = 17.12.35707.178
MinimumVisualStudioVersion = 10.0.40219.1
Project("{8BC9CEB8-8B4A-11D0-8D11-00A0C91BC942}") = "game", "game.vcxproj", "{AC59DDD8-D568-4F43-8B3E-09A24D415951}"
EndProject
Project("{8BC9CEB8-8B4A-11D0-8D11-00A0C91BC942}") = "base", "..\base\base.vcxproj", "{C3BDE5F9-5D2A-47F7-B597-96D52D62A8A1}"
EndProject
Project("{8BC9CEB8-8B4A-11D0-8D11-00A0C91BC942}") = "ecs", "..\ecs\ecs.vcxproj", "{FEE66228-02F4-42FC-B4D2-902382745085}"
EndProject
Project("{8BC9CEB8-8B4A-11D0-8D11-00A0C91BC942}") = "graphics", "..\graphics\graphics.vcxproj", "{CC4CBF75-5C73-485E-AE8B-30268BB6E4EA}"
EndProject
Project("{8BC9CEB8-8B4A-11D0-8D11-00A0C91BC942}") = "input", "..\input\input.vcxproj", "{04ED0597-0572-422C-A7A1-8B360B218DD2}"
EndProject
Project("{8BC9CEB8-8B4A-11D0-8D11-00A0C91BC942}") = "jobs", "..\jobs\jobs.vcxproj", "{CCDCC43D-2E13-4B45-92E7-6140194663AD}"
EndProject
Project("{8BC9CEB8-8B4A-11D0-8D11-00A0C91BC942}") = "memory", "..\memory\memory.vcxproj", "{E534F7C3-3267-42DD-89F7-785522F6B89E}"
EndProject
Project("{8BC9CEB8-8B4A-11D0-8D11-00A0C91BC942}") = "netcode", "..\netcode\netcode.vcxproj", "{103FFEF2-FE3E-4AF0-8863-617B1C04D640}"
EndProject
Project("{8BC9CEB8-8B4A-11D0-8D11-00A0C91BC942}") = "resource_std", "..\resource_std\resource_std.vcxproj", "{0DEBA5B7-FE90-499C-9C10-C8C5E21AAA7F}"
EndProject
Project("{8BC9CEB8-8B4A-11D0-8D11-00A0C91BC942}") = "scene_graph", "..\scene_graph\scene_graph.vcxproj", "{B3BC2DA8-4BE0-41BE-BF19-AB5C38CA2D2C}"
EndProject
Project("{8BC9CEB8-8B4A-11D0-8D11-00A0C91BC942}") = "sound", "..\sound\sound.vcxproj", "{A9B575D3-CD82-4906-9CEE-3E562573C4CD}"
EndProject
Project("{8BC9CEB8-8B4A-11D0-8D11-00A0C91BC942}") = "nav", "..\nav\nav.vcxproj", "{89848CEA-156F-42C0-9433-10303257CA69}"
EndProject
Project("{8BC9CEB8-8B4A-11D0-8D11-00A0C91BC942}") = "player", "..\player\player.vcxproj", "{6DA3A456-E24A-4CAD-B692-6ECEA046BEF2}"
	ProjectSection(ProjectDependencies) = postProject
		{0442C1D8-B3F7-41DF-A530-911E38DF1697} = {0442C1D8-B3F7-41DF-A530-911E38DF1697}
		{A0255733-59B8-4511-835A-21C6E630B372} = {A0255733-59B8-4511-835A-21C6E630B372}
	EndProjectSection
EndProject
Project("{8BC9CEB8-8B4A-11D0-8D11-00A0C91BC942}") = "resources", "..\resources\resources.vcxproj", "{1A694515-BE92-44D4-AB69-A7AC6B5FF5B2}"
EndProject
Project("{8BC9CEB8-8B4A-11D0-8D11-00A0C91BC942}") = "raw_assets", "..\raw_assets\raw_assets.vcxproj", "{A0255733-59B8-4511-835A-21C6E630B372}"
EndProject
Project("{8BC9CEB8-8B4A-11D0-8D11-00A0C91BC942}") = "shaders", "..\shaders\shaders.vcxproj", "{0442C1D8-B3F7-41DF-A530-911E38DF1697}"
EndProject
Project("{8BC9CEB8-8B4A-11D0-8D11-00A0C91BC942}") = "physics", "..\physics\physics.vcxproj", "{B146E3F6-1B42-4B77-9E6C-3B0AD9C707A0}"
EndProject
Project("{8BC9CEB8-8B4A-11D0-8D11-00A0C91BC942}") = "anim", "..\anim\anim.vcxproj", "{93541024-4400-4BDE-B27D-9560C66FC505}"
EndProject
Project("{8BC9CEB8-8B4A-11D0-8D11-00A0C91BC942}") = "sim", "..\sim\sim.vcxproj", "{92AFE709-A8C7-40A5-8139-B5B9C36331B5}"
EndProject
Global
	GlobalSection(SolutionConfigurationPlatforms) = preSolution
		Debug|x64 = Debug|x64
		Debug|x86 = Debug|x86
		Release|x64 = Release|x64
		Release|x86 = Release|x86
	EndGlobalSection
	GlobalSection(ProjectConfigurationPlatforms) = postSolution
		{AC59DDD8-D568-4F43-8B3E-09A24D415951}.Debug|x64.ActiveCfg = Debug|x64
		{AC59DDD8-D568-4F43-8B3E-09A24D415951}.Debug|x64.Build.0 = Debug|x64
		{AC59DDD8-D568-4F43-8B3E-09A24D415951}.Debug|x86.ActiveCfg = Debug|Win32
		{AC59DDD8-D568-4F43-8B3E-09A24D415951}.Debug|x86.Build.0 = Debug|Win32
		{AC59DDD8-D568-4F43-8B3E-09A24D415951}.Release|x64.ActiveCfg = Release|x64
		{AC59DDD8-D568-4F43-8B3E-09A24D415951}.Release|x64.Build.0 = Release|x64
		{AC59DDD8-D568-4F43-8B3E-09A24D415951}.Release|x86.ActiveCfg = Release|Win32
		{AC59DDD8-D568-4F43-8B3E-09A24D415951}.Release|x86.Build.0 = Release|Win32
		{C3BDE5F9-5D2A-47F7-B597-96D52D62A8A1}.Debug|x64.ActiveCfg = Debug|x64
		{C3BDE5F9-5D2A-47F7-B597-96D52D62A8A1}.Debug|x64.Build.0 = Debug|x64
		{C3BDE5F9-5D2A-47F7-B597-96D52D62A8A1}.Debug|x86.ActiveCfg = Debug|Win32
		{C3BDE5F9-5D2A-47F7-B597-96D52D62A8A1}.Debug|x86.Build.0 = Debug|Win32
		{C3BDE5F9-5D2A-47F7-B597-96D52D62A8A1}.Release|x64.ActiveCfg = Release|x64
		{C3BDE5F9-5D2A-47F7-B597-96D52D62A8A1}.Release|x64.Build.0 = Release|x64
		{C3BDE5F9-5D2A-47F7-B597-96D52D62A8A1}.Release|x86.ActiveCfg = Release|Win32
		{C3BDE5F9-5D2A-47F7-B597-96D52D62A8A1}.Release|x86.Build.0 = Release|Win32
		{FEE66228-02F4-42FC-B4D2-902382745085}.Debug|x64.ActiveCfg = Debug|x64
		{FEE66228-02F4-42FC-B4D2-902382745085}.Debug|x64.Build.0 = Debug|x64
		{FEE66228-02F4-42FC-B4D2-902382745085}.Debug|x86.ActiveCfg = Debug|Win32
		{FEE66228-02F4-42FC-B4D2-902382745085}.Debug|x86.Build.0 = Debug|Win32
		{FEE66228-02F4-42FC-B4D2-902382745085}.Release|x64.ActiveCfg = Release|x64
		{FEE66228-02F4-42FC-B4D2-902382745085}.Release|x64.Build.0 = Release|x64
		{FEE66228-02F4-42FC-B4D2-902382745085}.Release|x86.ActiveCfg = Release|Win32
		{FEE66228-02F4-42FC-B4D2-902382745085}.Release|x86.Build.0 = Release|Win32
		{CC4CBF75-5C73-485E-AE8B-30268BB6E4EA}.Debug|x64.ActiveCfg = Debug|x64
		{CC4CBF75-5C73-485E-AE8B-30268BB6E4EA}.Debug|x64.Build.0 = Debug|x64
		{CC4CBF75-5C73-485E-AE8B-30268BB6E4EA}.Debug|x86.ActiveCfg = Debug|Win32
		{CC4CBF75-5C73-485E-AE8B-30268BB6E4EA}.Debug|x86.Build.0 = Debug|Win32
		{CC4CBF75-5C73-485E-AE8B-30268BB6E4EA}.Release|x64.ActiveCfg = Release|x64
		{CC4CBF75-5C73-485E-AE8B-30268BB6E4EA}.Release|x64.Build.0 = Release|x64
		{CC4CBF75-5C73-485E-AE8B-30268BB6E4EA}.Release|x86.ActiveCfg = Release|Win32
		{CC4CBF75-5C73-485E-AE8B-30268BB6E4EA}.Release|x86.Build.0 = Release|Win32
		{04ED0597-0572-422C-A7A1-8B360B218DD2}.Debug|x64.ActiveCfg = Debug|x64
		{04ED0597-0572-422C-A7A1-8B360B218DD2}.Debug|x64.Build.0 = Debug|x64
		{04ED0597-0572-422C-A7A1-8B360B218DD2}.Debug|x86.ActiveCfg = Debug|Win32
		{04ED0597-0572-422C-A7A1-8B360B218DD2}.Debug|x86.Build.0 = Debug|Win32
		{04ED0597-0572-422C-A7A1-8B360B218DD2}.Release|x64.ActiveCfg = Release|x64
		{04ED0597-0572-422C-A7A1-8B360B218DD2}.Release|x64.Build.0 = Release|x64
		{04ED0597-0572-422C-A7A1-8B360B218DD2}.Release|x86.ActiveCfg = Release|Win32
		{04ED0597-0572-422C-A7A1-8B360B218DD2}.Release|x86.Build.0 = Release|Win32
		{CCDCC43D-2E13-4B45-92E7-6140194663AD}.Debug|x64.ActiveCfg = Debug|x64
		{CCDCC43D-2E13-4B45-92E7-6140194663AD}.Debug|x64.Build.0 = Debug|x64
		{CCDCC43D-2E13-4B45-92E7-6140194663AD}.Debug|x86.ActiveCfg = Debug|Win32
		{CCDCC43D-2E13-4B45-92E7-6140194663AD}.Debug|x86.Build.0 = Debug|Win32
		{CCDCC43D-2E13-4B45-92E7-6140194663AD}.Release|x64.ActiveCfg = Release|x64
		{CCDCC43D-2E13-4B45-92E7-6140194663AD}.Release|x64.Build.0 = Release|x64
		{CCDCC43D-2E13-4B45-92E7-6140194663AD}.Release|x86.ActiveCfg = Release|Win32
		{CCDCC43D-2E13-4B45-92E7-6140194663AD}.Release|x86.Build.0 = Release|Win32
		{E534F7C3-3267-42DD-89F7-785522F6B89E}.Debug|x64.ActiveCfg = Debug|x64
		{E534F7C3-3267-42DD-89F7-785522F6B89E}.Debug|x64.Build.0 = Debug|x64
		{E534F7C3-3267-42DD-89F7-785522F6B89E}.Debug|x86.ActiveCfg = Debug|Win32
		{E534F7C3-3267-42DD-89F7-785522F6B89E}.Debug|x86.Build.0 = Debug|Win32
		{E534F7C3-3267-42DD-89F7-785522F6B89E}.Release|x64.ActiveCfg = Release|x64
		{E534F7C3-3267-42DD-89F7-785522F6B89E}.Release|x64.Build.0 = Release|x64
		{E534F7C3-3267-42DD-89F7-785522F6B89E}.Release|x86.ActiveCfg = Release|Win32
		{E534F7C3-3267-42DD-89F7-785522F6B89E}.Release|x86.Build.0 = Release|Win32
		{103FFEF2-FE3E-4AF0-8863-617B1C04D640}.Debug|x64.ActiveCfg = Debug|x64
		{103FFEF2-FE3E-4AF0-8863-617B1C04D640}.Debug|x64.Build.0 = Debug|x64
		{103FFEF2-FE3E-4AF0-8863-617B1C04D640}.Debug|x86.ActiveCfg = Debug|Win32
		{103FFEF2-FE3E-4AF0-8863-617B1C04D640}.Debug|x86.Build.0 = Debug|Win32
		{103FFEF2-FE3E-4AF0-8863-617B1C04D640}.Release|x64.ActiveCfg = Release|x64
		{103FFEF2-FE3E-4AF0-8863-617B1C04D640}.Release|x64.Build.0 = Release|x64
		{103FFEF2-FE3E-4AF0-8863-617B1C04D640}.Release|x86.ActiveCfg = Release|Win32
		{103FFEF2-FE3E-4AF0-8863-617B1C04D640}.Release|x86.Build.0 = Release|Win32
		{0DEBA5B7-FE90-499C-9C10-C8C5E21AAA7F}.Debug|x64.ActiveCfg = Debug|x64
		{0DEBA5B7-FE90-499C-9C10-C8C5E21AAA7F}.Debug|x64.Build.0 = Debug|x64
		{0DEBA5B7-FE90-499C-9C10-C8C5E21AAA7F}.Debug|x86.ActiveCfg = Debug|Win32
		{0DEBA5B7-FE90-499C-9C10-C8C5E21AAA7F}.Debug|x86.Build.0 = Debug|Win32
		{0DEBA5B7-FE90-499C-9C10-C8C5E21AAA7F}.Release|x64.ActiveCfg = Release|x64
		{0DEBA5B7-FE90-499C-9C10-C8C5E21AAA7F}.Release|x64.Build.0 = Release|x64
		{0DEBA5B7-FE90-499C-9C10-C8C5E21AAA7F}.Release|x86.ActiveCfg = Release|Win32
		{0DEBA5B7-FE90-499C-9C10-C8C5E21AAA7F}.Release|x86.Build.0 = Release|Win32
		{B3BC2DA8-4BE0-41BE-BF19-AB5C38CA2D2C}.Debug|x64.ActiveCfg = Debug|x64
		{B3BC2DA8-4BE0-41BE-BF19-AB5C38CA2D2C}.Debug|x64.Build.0 = Debug|x64
		{B3BC2DA8-4BE0-41BE-BF19-AB5C38CA2D2C}.Debug|x86.ActiveCfg = Debug|Win32
		{B3BC2DA8-4BE0-41BE-BF19-AB5C38CA2D2C}.Debug|x86.Build.0 = Debug|Win32
		{B3BC2DA8-4BE0-41BE-BF19-AB5C38CA2D2C}.Release|x64.ActiveCfg = Release|x64
		{B3BC2DA8-4BE0-41BE-BF19-AB5C38CA2D2C}.Release|x64.Build.0 = Release|x64
		{B3BC2DA8-4BE0-41BE-BF19-AB5C38CA2D2C}.Release|x86.ActiveCfg = Release|Win32
		{B3BC2DA8-4BE0-41BE-BF19-AB5C38CA2D2C}.Release|x86.Build.0 = Release|Win32
		{A9B575D3-CD82-4906-9CEE-3E562573C4CD}.Debug|x64.ActiveCfg = Debug|x64
		{A9B575D3-CD82-4906-9CEE-3E562573C4CD}.Debug|x64.Build.0 = Debug|x64
		{A9B575D3-CD82-4906-9CEE-3E562573C4CD}.Debug|x86.ActiveCfg = Debug|Win32
		{A9B575D3-CD82-4906-9CEE-3E562573C4CD}.Debug|x86.Build.0 = Debug|Win32
		{A9B575D3-CD82-4906-9CEE-3E562573C4CD}.Release|x64.ActiveCfg = Release|x64
		{A9B575D3-CD82-4906-9CEE-3E562573C4CD}.Release|x64.Build.0 = Release|x64
		{A9B575D3-CD82-4906-9CEE-3E562573C4CD}.Release|x86.ActiveCfg = Release|Win32
		{A9B575D3-CD82-4906-9CEE-3E562573C4CD}.Release|x86.Build.0 = Release|Win32
		{89848CEA-156F-42C0-9433-10303257CA69}.Debug|x64.ActiveCfg = Debug|x64
		{89848CEA-156F-42C0-9433-10303257CA69}.Debug|x64.Build.0 = Debug|x64
		{89848CEA-156F-42C0-9433-10303257CA69}.Debug|x86.ActiveCfg = Debug|Win32
		{89848CEA-156F-42C0-9433-10303257CA69}.Debug|x86.Build.0 = Debug|Win32
		{89848CEA-156F-42C0-9433-10303257CA69}.Release|x64.ActiveCfg = Release|x64
		{89848CEA-156F-42C0-9433-10303257CA69}.Release|x64.Build.0 = Release|x64
		{89848CEA-156F-42C0-9433-10303257CA69}.Release|x86.ActiveCfg = Release|Win32
		{89848CEA-156F-42C0-9433-10303257CA69}.Release|x86.Build.0 = Release|Win32
		{6DA3A456-E24A-4CAD-B692-6ECEA046BEF2}.Debug|x64.ActiveCfg = Debug|x64
		{6DA3A456-E24A-4CAD-B692-6ECEA046BEF2}.Debug|x64.Build.0 = Debug|x64
		{6DA3A456-E24A-4CAD-B692-6ECEA046BEF2}.Debug|x86.ActiveCfg = Debug|Win32
		{6DA3A456-E24A-4CAD-B692-6ECEA046BEF2}.Debug|x86.Build.0 = Debug|Win32
		{6DA3A456-E24A-4CAD-B692-6ECEA046BEF2}.Release|x64.ActiveCfg = Release|x64
		{6DA3A456-E24A-4CAD-B692-6ECEA046BEF2}.Release|x64.Build.0 = Release|x64
		{6DA3A456-E24A-4CAD-B692-6ECEA046BEF2}.Release|x86.ActiveCfg = Release|Win32
		{6DA3A456-E24A-4CAD-B692-6ECEA046BEF2}.Release|x86.Build.0 = Release|Win32
		{1A694515-BE92-44D4-AB69-A7AC6B5FF5B2}.Debug|x64.ActiveCfg = Debug|x64
		{1A694515-BE92-44D4-AB69-A7AC6B5FF5B2}.Debug|x64.Build.0 = Debug|x64
		{1A694515-BE92-44D4-AB69-A7AC6B5FF5B2}.Debug|x86.ActiveCfg = Debug|Win32
		{1A694515-BE92-44D4-AB69-A7AC6B5FF5B2}.Debug|x86.Build.0 = Debug|Win32
		{1A694515-BE92-44D4-AB69-A7AC6B5FF5B2}.Release|x64.ActiveCfg = Release|x64
		{1A694515-BE92-44D4-AB69-A7AC6B5FF5B2}.Release|x64.Build.0 = Release|x64
		{1A694515-BE92-44D4-AB69-A7AC6B5FF5B2}.Release|x86.ActiveCfg = Release|Win32
		{1A694515-BE92-44D4-AB69-A7AC6B5FF5B2}.Release|x86.Build.0 = Release|Win32
		{A0255733-59B8-4511-835A-21C6E630B372}.Debug|x64.ActiveCfg = Debug|x64
		{A0255733-59B8-4511-835A-21C6E630B372}.Debug|x64.Build.0 = Debug|x64
		{A0255733-59B8-4511-835A-21C6E630B372}.Debug|x86.ActiveCfg = Debug|Win32
		{A0255733-59B8-4511-835A-21C6E630B372}.Debug|x86.Build.0 = Debug|Win32
		{A0255733-59B8-4511-835A-21C6E630B372}.Release|x64.ActiveCfg = Release|x64
		{A0255733-59B8-4511-835A-21C6E630B372}.Release|x64.Build.0 = Release|x64
		{A0255733-59B8-4511-835A-21C6E630B372}.Release|x86.ActiveCfg = Release|Win32
		{A0255733-59B8-4511-835A-21C6E630B372}.Release|x86.Build.0 = Release|Win32
		{0442C1D8-B3F7-41DF-A530-911E38DF1697}.Debug|x64.ActiveCfg = Debug|x64
		{0442C1D8-B3F7-41DF-A530-911E38DF1697}.Debug|x64.Build.0 = Debug|x64
		{0442C1D8-B3F7-41DF-A530-911E38DF1697}.Debug|x86.ActiveCfg = Debug|Win32
		{0442C1D8-B3F7-41DF-A530-911E38DF1697}.Debug|x86.Build.0 = Debug|Win32
		{0442C1D8-B3F7-41DF-A530-911E38DF1697}.Release|x64.ActiveCfg = Release|x64
		{0442C1D8-B3F7-41DF-A530-911E38DF1697}.Release|x64.Build.0 = Release|x64
		{0442C1D8-B3F7-41DF-A530-911E38DF1697}.Release|x86.ActiveCfg = Release|Win32
		{0442C1D8-B3F7-41DF-A530-911E38DF1697}.Release|x86.Build.0 = Release|Win32
		{B146E3F6-1B42-4B77-9E6C-3B0AD9C707A0}.Debug|x64.ActiveCfg = Debug|x64
		{B146E3F6-1B42-4B77-9E6C-3B0AD9C707A0}.Debug|x64.Build.0 = Debug|x64
		{B146E3F6-1B42-4B77-9E6C-3B0AD9C707A0}.Debug|x86.ActiveCfg = Debug|Win32
		{B146E3F6-1B42-4B77-9E6C-3B0AD9C707A0}.Debug|x86.Build.0 = Debug|Win32
		{B146E3F6-1B42-4B77-9E6C-3B0AD9C707A0}.Release|x64.ActiveCfg = Release|x64
		{B146E3F6-1B42-4B77-9E6C-3B0AD9C707A0}.Release|x64.Build.0 = Release|x64
		{B146E3F6-1B42-4B77-9E6C-3B0AD9C707A0}.Release|x86.ActiveCfg = Release|Win32
		{B146E3F6-1B42-4B77-9E6C-3B0AD9C707A0}.Release|x86.Build.0 = Release|Win32
		{93541024-4400-4BDE-B27D-9560C66FC505}.Debug|x64.ActiveCfg = Debug|x64
		{93541024-4400-4BDE-B27D-9560C66FC505}.Debug|x64.Build.0 = Debug|x64
		{93541024-4400-4BDE-B27D-9560C66FC505}.Debug|x86.ActiveCfg = Debug|Win32
		{93541024-4400-4BDE-B27D-9560C66FC505}.Debug|x86.Build.0 = Debug|Win32
		{93541024-4400-4BDE-B27D-9560C66FC505}.Release|x64.ActiveCfg = Release|x64
		{93541024-4400-4BDE-B27D-9560C66FC505}.Release|x64.Build.0 = Release|x64
		{93541024-4400-4BDE-B27D-9560C66FC505}.Release|x86.ActiveCfg = Release|Win32
		{93541024-4400-4BDE-B27D-9560C66FC505}.Release|x86.Build.0 = Release|Win32
		{92AFE709-A8C7-40A5-8139-B5B9C36331B5}.Debug|x64.ActiveCfg = Debug|x64
		{92AFE709-A8C7-40A5-8139-B5B9C36331B5}.Debug|x64.Build.0 = Debug|x64
		{92AFE709-A8C7-40A5-8139-B5B9C36331B5}.Debug|x86.ActiveCfg = Debug|Win32
		{92AFE709-A8C7-40A5-8139-B5B9C36331B5}.Debug|x86.Build.0 = Debug|Win32
		{92AFE709-A8C7-40A5-8139-B5B9C36331B5}.Release|x64.ActiveCfg = Release|x64
		{92AFE709-A8C7-40A5-8139-B5B9C36331B5}.Release|x64.Build.0 = Release|x64
		{92AFE709-A8C7-40A5-8139-B5B9C36331B5}.Release|x86.ActiveCfg = Release|Win32
		{92AFE709-A8C7-40A5-8139-B5B9C36331B5}.Release|x86.Build.0 = Release|Win32
	EndGlobalSection
	GlobalSection(SolutionProperties) = preSolution
		HideSolutionNode = FALSE
	EndGlobalSection
EndGlobal
