<?xml version="1.0" encoding="utf-8"?>
<Project ToolsVersion="4.0" xmlns="http://schemas.microsoft.com/developer/msbuild/2003">
  <ItemGroup>
    <Filter Include="Source Files">
      <UniqueIdentifier>{4FC737F1-C7A5-4376-A066-2A32D752A2FF}</UniqueIdentifier>
      <Extensions>cpp;c;cc;cxx;c++;cppm;ixx;def;odl;idl;hpj;bat;asm;asmx</Extensions>
    </Filter>
    <Filter Include="Header Files">
      <UniqueIdentifier>{93995380-89BD-4b04-88EB-625FBE52EBFB}</UniqueIdentifier>
      <Extensions>h;hh;hpp;hxx;h++;hm;inl;inc;ipp;xsd</Extensions>
    </Filter>
    <Filter Include="Resource Files">
      <UniqueIdentifier>{67DA6AB6-F800-4c08-8B7A-83BB121AAD01}</UniqueIdentifier>
      <Extensions>rc;ico;cur;bmp;dlg;rc2;rct;bin;rgs;gif;jpg;jpeg;jpe;resx;tiff;tif;png;wav;mfcribbon-ms</Extensions>
    </Filter>
    <Filter Include="components">
      <UniqueIdentifier>{318560b0-a564-4cc3-ab6a-57f4553e8a6a}</UniqueIdentifier>
    </Filter>
    <Filter Include="systems">
      <UniqueIdentifier>{83780244-8490-4d27-aa64-06ccd394a2a9}</UniqueIdentifier>
    </Filter>
  </ItemGroup>
  <ItemGroup>
    <ClInclude Include="game_app.h">
      <Filter>Header Files</Filter>
    </ClInclude>
    <ClInclude Include="server.h">
      <Filter>Header Files</Filter>
    </ClInclude>
    <ClInclude Include="client.h">
      <Filter>Header Files</Filter>
    </ClInclude>
    <ClInclude Include="game_world.h">
      <Filter>Header Files</Filter>
    </ClInclude>
    <ClInclude Include="main_menu.h">
      <Filter>Header Files</Filter>
    </ClInclude>
    <ClInclude Include="camera.h">
      <Filter>Header Files</Filter>
    </ClInclude>
    <ClInclude Include="world_tile_component.h">
      <Filter>components</Filter>
    </ClInclude>
    <ClInclude Include="shader_collection.h">
      <Filter>Header Files</Filter>
    </ClInclude>
    <ClInclude Include="texture_collection.h">
      <Filter>Header Files</Filter>
    </ClInclude>
    <ClInclude Include="world_tile_system.h">
      <Filter>systems</Filter>
    </ClInclude>
  </ItemGroup>
  <ItemGroup>
    <ClCompile Include="game_app.cpp">
      <Filter>Source Files</Filter>
    </ClCompile>
    <ClCompile Include="server.cpp">
      <Filter>Source Files</Filter>
    </ClCompile>
    <ClCompile Include="client.cpp">
      <Filter>Source Files</Filter>
    </ClCompile>
    <ClCompile Include="game_world.cpp">
      <Filter>Source Files</Filter>
    </ClCompile>
    <ClCompile Include="main_menu.cpp">
      <Filter>Source Files</Filter>
    </ClCompile>
    <ClCompile Include="camera.cpp">
      <Filter>Source Files</Filter>
    </ClCompile>
    <ClCompile Include="world_tile_rendering_system.h">
      <Filter>systems</Filter>
    </ClCompile>
    <ClCompile Include="world_tile_rendering_system.cpp">
      <Filter>systems</Filter>
    </ClCompile>
    <ClCompile Include="shader_collection.cpp">
      <Filter>Source Files</Filter>
    </ClCompile>
    <ClCompile Include="texture_collection.cpp">
      <Filter>Source Files</Filter>
    </ClCompile>
    <ClCompile Include="world_tile_system.cpp">
      <Filter>systems</Filter>
    </ClCompile>
  </ItemGroup>
</Project>